
Microsoft Visual Studio Solution File, Format Version 12.00
# Visual Studio 15
VisualStudioVersion = 15.0.27428.2037
MinimumVisualStudioVersion = 10.0.40219.1
Project("{9A19103F-16F7-4668-BE54-9A1E7A4F7556}") = "TomKamphuis.Web", "TomKamphuis.Web\TomKamphuis.Web.csproj", "{A6069500-50D4-4919-8EAA-45FA2C4ABA21}"
EndProject
Project("{9A19103F-16F7-4668-BE54-9A1E7A4F7556}") = "TomKamphuis.Web.Tests", "TomKamphuis.Web.Tests\TomKamphuis.Web.Tests.csproj", "{B4D5321B-A90B-4BAC-8A27-3199381049B6}"
EndProject
Project("{9A19103F-16F7-4668-BE54-9A1E7A4F7556}") = "TomKamphuis.Models", "TomKamphuis.Models\TomKamphuis.Models.csproj", "{F300069F-63DA-459C-B68B-7FDF224BFF7B}"
EndProject
Project("{FAE04EC0-301F-11D3-BF4B-00C04F79EFBC}") = "TomKamphuis.Repositories", "TomKamphuis.Repositories\TomKamphuis.Repositories.csproj", "{45E22F9A-F6A8-47DF-9E0E-F2E946B3F0F2}"
EndProject
Global
	GlobalSection(SolutionConfigurationPlatforms) = preSolution
		Debug|Any CPU = Debug|Any CPU
		Release|Any CPU = Release|Any CPU
	EndGlobalSection
	GlobalSection(ProjectConfigurationPlatforms) = postSolution
		{A6069500-50D4-4919-8EAA-45FA2C4ABA21}.Debug|Any CPU.ActiveCfg = Debug|Any CPU
		{A6069500-50D4-4919-8EAA-45FA2C4ABA21}.Debug|Any CPU.Build.0 = Debug|Any CPU
		{A6069500-50D4-4919-8EAA-45FA2C4ABA21}.Release|Any CPU.ActiveCfg = Release|Any CPU
		{A6069500-50D4-4919-8EAA-45FA2C4ABA21}.Release|Any CPU.Build.0 = Release|Any CPU
		{B4D5321B-A90B-4BAC-8A27-3199381049B6}.Debug|Any CPU.ActiveCfg = Debug|Any CPU
		{B4D5321B-A90B-4BAC-8A27-3199381049B6}.Debug|Any CPU.Build.0 = Debug|Any CPU
		{B4D5321B-A90B-4BAC-8A27-3199381049B6}.Release|Any CPU.ActiveCfg = Release|Any CPU
		{B4D5321B-A90B-4BAC-8A27-3199381049B6}.Release|Any CPU.Build.0 = Release|Any CPU
		{F300069F-63DA-459C-B68B-7FDF224BFF7B}.Debug|Any CPU.ActiveCfg = Debug|Any CPU
		{F300069F-63DA-459C-B68B-7FDF224BFF7B}.Debug|Any CPU.Build.0 = Debug|Any CPU
		{F300069F-63DA-459C-B68B-7FDF224BFF7B}.Release|Any CPU.ActiveCfg = Release|Any CPU
		{F300069F-63DA-459C-B68B-7FDF224BFF7B}.Release|Any CPU.Build.0 = Release|Any CPU
		{45E22F9A-F6A8-47DF-9E0E-F2E946B3F0F2}.Debug|Any CPU.ActiveCfg = Debug|Any CPU
		{45E22F9A-F6A8-47DF-9E0E-F2E946B3F0F2}.Debug|Any CPU.Build.0 = Debug|Any CPU
		{45E22F9A-F6A8-47DF-9E0E-F2E946B3F0F2}.Release|Any CPU.ActiveCfg = Release|Any CPU
		{45E22F9A-F6A8-47DF-9E0E-F2E946B3F0F2}.Release|Any CPU.Build.0 = Release|Any CPU
	EndGlobalSection
	GlobalSection(SolutionProperties) = preSolution
		HideSolutionNode = FALSE
	EndGlobalSection
	GlobalSection(ExtensibilityGlobals) = postSolution
		SolutionGuid = {E5CE5B2F-F2C3-446A-82B8-8CB933E4B896}
	EndGlobalSection
EndGlobal
